# THIS IS AN AUTOGENERATED FILE. DO NOT EDIT THIS FILE DIRECTLY.
# yarn lockfile v1


re-resizable@^6.11.2:
  version "6.11.2"
  resolved "https://registry.yarnpkg.com/re-resizable/-/re-resizable-6.11.2.tgz#2e8f7119ca3881d5b5aea0ffa014a80e5c1252b3"
  integrity sha512-2xI2P3OHs5qw7K0Ud1aLILK6MQxW50TcO+DetD9eIV58j84TqYeHoZcL9H4GXFXXIh7afhH8mv5iUCXII7OW7A==
